
Microsoft Visual Studio Solution File, Format Version 12.00
# Visual Studio Version 17
VisualStudioVersion = 17.8.34525.116
MinimumVisualStudioVersion = 10.0.40219.1
Project("{9A19103F-16F7-4668-BE54-9A1E7A4F7556}") = "CourierMaxApi", "CourierMaxApi.csproj", "{0117EFCB-9855-46EB-824A-D542AE40383F}"
EndProject
Project("{9A19103F-16F7-4668-BE54-9A1E7A4F7556}") = "Aplicacion", "..\Aplicacion\Aplicacion.csproj", "{FA544647-5B00-4C78-92EA-74CAB5293B88}"
EndProject
Project("{9A19103F-16F7-4668-BE54-9A1E7A4F7556}") = "Infraestructura", "..\Arquitectura\Infraestructura.csproj", "{FBC72469-B447-4C64-98F0-24D057AC9440}"
EndProject
Project("{9A19103F-16F7-4668-BE54-9A1E7A4F7556}") = "Dominio", "..\Dominio\Dominio.csproj", "{0D8E1074-554E-4E6A-A5EE-8326BB9877D1}"
EndProject
Global
	GlobalSection(SolutionConfigurationPlatforms) = preSolution
		Debug|Any CPU = Debug|Any CPU
		Release|Any CPU = Release|Any CPU
	EndGlobalSection
	GlobalSection(ProjectConfigurationPlatforms) = postSolution
		{0117EFCB-9855-46EB-824A-D542AE40383F}.Debug|Any CPU.ActiveCfg = Debug|Any CPU
		{0117EFCB-9855-46EB-824A-D542AE40383F}.Debug|Any CPU.Build.0 = Debug|Any CPU
		{0117EFCB-9855-46EB-824A-D542AE40383F}.Release|Any CPU.ActiveCfg = Release|Any CPU
		{0117EFCB-9855-46EB-824A-D542AE40383F}.Release|Any CPU.Build.0 = Release|Any CPU
		{FA544647-5B00-4C78-92EA-74CAB5293B88}.Debug|Any CPU.ActiveCfg = Debug|Any CPU
		{FA544647-5B00-4C78-92EA-74CAB5293B88}.Debug|Any CPU.Build.0 = Debug|Any CPU
		{FA544647-5B00-4C78-92EA-74CAB5293B88}.Release|Any CPU.ActiveCfg = Release|Any CPU
		{FA544647-5B00-4C78-92EA-74CAB5293B88}.Release|Any CPU.Build.0 = Release|Any CPU
		{FBC72469-B447-4C64-98F0-24D057AC9440}.Debug|Any CPU.ActiveCfg = Debug|Any CPU
		{FBC72469-B447-4C64-98F0-24D057AC9440}.Debug|Any CPU.Build.0 = Debug|Any CPU
		{FBC72469-B447-4C64-98F0-24D057AC9440}.Release|Any CPU.ActiveCfg = Release|Any CPU
		{FBC72469-B447-4C64-98F0-24D057AC9440}.Release|Any CPU.Build.0 = Release|Any CPU
		{0D8E1074-554E-4E6A-A5EE-8326BB9877D1}.Debug|Any CPU.ActiveCfg = Debug|Any CPU
		{0D8E1074-554E-4E6A-A5EE-8326BB9877D1}.Debug|Any CPU.Build.0 = Debug|Any CPU
		{0D8E1074-554E-4E6A-A5EE-8326BB9877D1}.Release|Any CPU.ActiveCfg = Release|Any CPU
		{0D8E1074-554E-4E6A-A5EE-8326BB9877D1}.Release|Any CPU.Build.0 = Release|Any CPU
	EndGlobalSection
	GlobalSection(SolutionProperties) = preSolution
		HideSolutionNode = FALSE
	EndGlobalSection
	GlobalSection(ExtensibilityGlobals) = postSolution
		SolutionGuid = {C34485DF-7E9F-41C1-BC5A-677E6B40CD7F}
	EndGlobalSection
EndGlobal
