
Microsoft Visual Studio Solution File, Format Version 12.00
# Visual Studio Version 17
VisualStudioVersion = 17.8.34525.116
MinimumVisualStudioVersion = 10.0.40219.1
Project("{9A19103F-16F7-4668-BE54-9A1E7A4F7556}") = "CourierMaxApi", "CourierMaxApi.csproj", "{0117EFCB-9855-46EB-824A-D542AE40383F}"
EndProject
Project("{9A19103F-16F7-4668-BE54-9A1E7A4F7556}") = "Aplicacion", "..\Aplicacion\Aplicacion.csproj", "{FA544647-5B00-4C78-92EA-74CAB5293B88}"
EndProject
Project("{9A19103F-16F7-4668-BE54-9A1E7A4F7556}") = "Infraestructura", "..\Arquitectura\Infraestructura.csproj", "{FBC72469-B447-4C64-98F0-24D057AC9440}"
EndProject
Project("{9A19103F-16F7-4668-BE54-9A1E7A4F7556}") = "Dominio", "..\Dominio\Dominio.csproj", "{0D8E1074-554E-4E6A-A5EE-8326BB9877D1}"
EndProject
Project("{FAE04EC0-301F-11D3-BF4B-00C04F79EFBC}") = "CourierMaxApi.UnitTests", "..\Tests\CourierMaxApi.UnitTests\CourierMaxApi.UnitTests.csproj", "{7B06866B-D2DF-43A5-A10F-0861E47EDAA9}"
EndProject
Global
	GlobalSection(SolutionConfigurationPlatforms) = preSolution
		Debug|Any CPU = Debug|Any CPU
		Debug|x64 = Debug|x64
		Debug|x86 = Debug|x86
		Release|Any CPU = Release|Any CPU
		Release|x64 = Release|x64
		Release|x86 = Release|x86
	EndGlobalSection
	GlobalSection(ProjectConfigurationPlatforms) = postSolution
		{0117EFCB-9855-46EB-824A-D542AE40383F}.Debug|Any CPU.ActiveCfg = Debug|Any CPU
		{0117EFCB-9855-46EB-824A-D542AE40383F}.Debug|Any CPU.Build.0 = Debug|Any CPU
		{0117EFCB-9855-46EB-824A-D542AE40383F}.Debug|x64.ActiveCfg = Debug|Any CPU
		{0117EFCB-9855-46EB-824A-D542AE40383F}.Debug|x64.Build.0 = Debug|Any CPU
		{0117EFCB-9855-46EB-824A-D542AE40383F}.Debug|x86.ActiveCfg = Debug|Any CPU
		{0117EFCB-9855-46EB-824A-D542AE40383F}.Debug|x86.Build.0 = Debug|Any CPU
		{0117EFCB-9855-46EB-824A-D542AE40383F}.Release|Any CPU.ActiveCfg = Release|Any CPU
		{0117EFCB-9855-46EB-824A-D542AE40383F}.Release|Any CPU.Build.0 = Release|Any CPU
		{0117EFCB-9855-46EB-824A-D542AE40383F}.Release|x64.ActiveCfg = Release|Any CPU
		{0117EFCB-9855-46EB-824A-D542AE40383F}.Release|x64.Build.0 = Release|Any CPU
		{0117EFCB-9855-46EB-824A-D542AE40383F}.Release|x86.ActiveCfg = Release|Any CPU
		{0117EFCB-9855-46EB-824A-D542AE40383F}.Release|x86.Build.0 = Release|Any CPU
		{FA544647-5B00-4C78-92EA-74CAB5293B88}.Debug|Any CPU.ActiveCfg = Debug|Any CPU
		{FA544647-5B00-4C78-92EA-74CAB5293B88}.Debug|Any CPU.Build.0 = Debug|Any CPU
		{FA544647-5B00-4C78-92EA-74CAB5293B88}.Debug|x64.ActiveCfg = Debug|Any CPU
		{FA544647-5B00-4C78-92EA-74CAB5293B88}.Debug|x64.Build.0 = Debug|Any CPU
		{FA544647-5B00-4C78-92EA-74CAB5293B88}.Debug|x86.ActiveCfg = Debug|Any CPU
		{FA544647-5B00-4C78-92EA-74CAB5293B88}.Debug|x86.Build.0 = Debug|Any CPU
		{FA544647-5B00-4C78-92EA-74CAB5293B88}.Release|Any CPU.ActiveCfg = Release|Any CPU
		{FA544647-5B00-4C78-92EA-74CAB5293B88}.Release|Any CPU.Build.0 = Release|Any CPU
		{FA544647-5B00-4C78-92EA-74CAB5293B88}.Release|x64.ActiveCfg = Release|Any CPU
		{FA544647-5B00-4C78-92EA-74CAB5293B88}.Release|x64.Build.0 = Release|Any CPU
		{FA544647-5B00-4C78-92EA-74CAB5293B88}.Release|x86.ActiveCfg = Release|Any CPU
		{FA544647-5B00-4C78-92EA-74CAB5293B88}.Release|x86.Build.0 = Release|Any CPU
		{FBC72469-B447-4C64-98F0-24D057AC9440}.Debug|Any CPU.ActiveCfg = Debug|Any CPU
		{FBC72469-B447-4C64-98F0-24D057AC9440}.Debug|Any CPU.Build.0 = Debug|Any CPU
		{FBC72469-B447-4C64-98F0-24D057AC9440}.Debug|x64.ActiveCfg = Debug|Any CPU
		{FBC72469-B447-4C64-98F0-24D057AC9440}.Debug|x64.Build.0 = Debug|Any CPU
		{FBC72469-B447-4C64-98F0-24D057AC9440}.Debug|x86.ActiveCfg = Debug|Any CPU
		{FBC72469-B447-4C64-98F0-24D057AC9440}.Debug|x86.Build.0 = Debug|Any CPU
		{FBC72469-B447-4C64-98F0-24D057AC9440}.Release|Any CPU.ActiveCfg = Release|Any CPU
		{FBC72469-B447-4C64-98F0-24D057AC9440}.Release|Any CPU.Build.0 = Release|Any CPU
		{FBC72469-B447-4C64-98F0-24D057AC9440}.Release|x64.ActiveCfg = Release|Any CPU
		{FBC72469-B447-4C64-98F0-24D057AC9440}.Release|x64.Build.0 = Release|Any CPU
		{FBC72469-B447-4C64-98F0-24D057AC9440}.Release|x86.ActiveCfg = Release|Any CPU
		{FBC72469-B447-4C64-98F0-24D057AC9440}.Release|x86.Build.0 = Release|Any CPU
		{0D8E1074-554E-4E6A-A5EE-8326BB9877D1}.Debug|Any CPU.ActiveCfg = Debug|Any CPU
		{0D8E1074-554E-4E6A-A5EE-8326BB9877D1}.Debug|Any CPU.Build.0 = Debug|Any CPU
		{0D8E1074-554E-4E6A-A5EE-8326BB9877D1}.Debug|x64.ActiveCfg = Debug|Any CPU
		{0D8E1074-554E-4E6A-A5EE-8326BB9877D1}.Debug|x64.Build.0 = Debug|Any CPU
		{0D8E1074-554E-4E6A-A5EE-8326BB9877D1}.Debug|x86.ActiveCfg = Debug|Any CPU
		{0D8E1074-554E-4E6A-A5EE-8326BB9877D1}.Debug|x86.Build.0 = Debug|Any CPU
		{0D8E1074-554E-4E6A-A5EE-8326BB9877D1}.Release|Any CPU.ActiveCfg = Release|Any CPU
		{0D8E1074-554E-4E6A-A5EE-8326BB9877D1}.Release|Any CPU.Build.0 = Release|Any CPU
		{0D8E1074-554E-4E6A-A5EE-8326BB9877D1}.Release|x64.ActiveCfg = Release|Any CPU
		{0D8E1074-554E-4E6A-A5EE-8326BB9877D1}.Release|x64.Build.0 = Release|Any CPU
		{0D8E1074-554E-4E6A-A5EE-8326BB9877D1}.Release|x86.ActiveCfg = Release|Any CPU
		{0D8E1074-554E-4E6A-A5EE-8326BB9877D1}.Release|x86.Build.0 = Release|Any CPU
		{7B06866B-D2DF-43A5-A10F-0861E47EDAA9}.Debug|Any CPU.ActiveCfg = Debug|Any CPU
		{7B06866B-D2DF-43A5-A10F-0861E47EDAA9}.Debug|Any CPU.Build.0 = Debug|Any CPU
		{7B06866B-D2DF-43A5-A10F-0861E47EDAA9}.Debug|x64.ActiveCfg = Debug|Any CPU
		{7B06866B-D2DF-43A5-A10F-0861E47EDAA9}.Debug|x64.Build.0 = Debug|Any CPU
		{7B06866B-D2DF-43A5-A10F-0861E47EDAA9}.Debug|x86.ActiveCfg = Debug|Any CPU
		{7B06866B-D2DF-43A5-A10F-0861E47EDAA9}.Debug|x86.Build.0 = Debug|Any CPU
		{7B06866B-D2DF-43A5-A10F-0861E47EDAA9}.Release|Any CPU.ActiveCfg = Release|Any CPU
		{7B06866B-D2DF-43A5-A10F-0861E47EDAA9}.Release|Any CPU.Build.0 = Release|Any CPU
		{7B06866B-D2DF-43A5-A10F-0861E47EDAA9}.Release|x64.ActiveCfg = Release|Any CPU
		{7B06866B-D2DF-43A5-A10F-0861E47EDAA9}.Release|x64.Build.0 = Release|Any CPU
		{7B06866B-D2DF-43A5-A10F-0861E47EDAA9}.Release|x86.ActiveCfg = Release|Any CPU
		{7B06866B-D2DF-43A5-A10F-0861E47EDAA9}.Release|x86.Build.0 = Release|Any CPU
	EndGlobalSection
	GlobalSection(SolutionProperties) = preSolution
		HideSolutionNode = FALSE
	EndGlobalSection
	GlobalSection(ExtensibilityGlobals) = postSolution
		SolutionGuid = {C34485DF-7E9F-41C1-BC5A-677E6B40CD7F}
	EndGlobalSection
EndGlobal
